
Microsoft Visual Studio Solution File, Format Version 12.00
# Visual Studio Version 16
VisualStudioVersion = 16.0.30011.22
MinimumVisualStudioVersion = 10.0.40219.1
Project("{FAE04EC0-301F-11D3-BF4B-00C04F79EFBC}") = "QuotesApi", "QuotesApi\QuotesApi.csproj", "{6B216711-182A-48BA-9E4C-BD042708E957}"
EndProject
Global
	GlobalSection(SolutionConfigurationPlatforms) = preSolution
		Debug|Any CPU = Debug|Any CPU
		Release|Any CPU = Release|Any CPU
	EndGlobalSection
	GlobalSection(ProjectConfigurationPlatforms) = postSolution
		{6B216711-182A-48BA-9E4C-BD042708E957}.Debug|Any CPU.ActiveCfg = Debug|Any CPU
		{6B216711-182A-48BA-9E4C-BD042708E957}.Debug|Any CPU.Build.0 = Debug|Any CPU
		{6B216711-182A-48BA-9E4C-BD042708E957}.Release|Any CPU.ActiveCfg = Release|Any CPU
		{6B216711-182A-48BA-9E4C-BD042708E957}.Release|Any CPU.Build.0 = Release|Any CPU
	EndGlobalSection
	GlobalSection(SolutionProperties) = preSolution
		HideSolutionNode = FALSE
	EndGlobalSection
	GlobalSection(ExtensibilityGlobals) = postSolution
		SolutionGuid = {E9D921A8-F1A3-46F8-8147-3361F982F9AE}
	EndGlobalSection
EndGlobal
